
Microsoft Visual Studio Solution File, Format Version 12.00
# Visual Studio 15
VisualStudioVersion = 15.0.28307.2092
MinimumVisualStudioVersion = 10.0.40219.1
Project("{FAE04EC0-301F-11D3-BF4B-00C04F79EFBC}") = "vsCSSArt", "vsCSSArt\vsCSSArt.csproj", "{ACCC5F7D-81F1-4334-ADEE-DB209BF9409E}"
EndProject
Global
	GlobalSection(SolutionConfigurationPlatforms) = preSolution
		Debug|x86 = Debug|x86
	EndGlobalSection
	GlobalSection(ProjectConfigurationPlatforms) = postSolution
		{ACCC5F7D-81F1-4334-ADEE-DB209BF9409E}.Debug|x86.ActiveCfg = Debug|x86
		{ACCC5F7D-81F1-4334-ADEE-DB209BF9409E}.Debug|x86.Build.0 = Debug|x86
	EndGlobalSection
	GlobalSection(SolutionProperties) = preSolution
		HideSolutionNode = FALSE
	EndGlobalSection
	GlobalSection(ExtensibilityGlobals) = postSolution
		SolutionGuid = {F2EA0446-525A-47D7-A959-2C9F6D3887F3}
	EndGlobalSection
EndGlobal
